
Microsoft Visual Studio Solution File, Format Version 12.00
# Visual Studio Version 16
VisualStudioVersion = 16.0.31729.503
MinimumVisualStudioVersion = 10.0.40219.1
Project("{9A19103F-16F7-4668-BE54-9A1E7A4F7556}") = "GyanAPI", "GyanAPI\GyanAPI.csproj", "{5AB51D69-675C-497D-B4C8-19B7F146743D}"
EndProject
Project("{FAE04EC0-301F-11D3-BF4B-00C04F79EFBC}") = "WebAppGyanAPI", "WebAppGyanAPI\WebAppGyanAPI.csproj", "{F9B5F785-AC22-42F5-9460-04A5F1A70153}"
EndProject
Global
	GlobalSection(SolutionConfigurationPlatforms) = preSolution
		Debug|Any CPU = Debug|Any CPU
		Release|Any CPU = Release|Any CPU
	EndGlobalSection
	GlobalSection(ProjectConfigurationPlatforms) = postSolution
		{5AB51D69-675C-497D-B4C8-19B7F146743D}.Debug|Any CPU.ActiveCfg = Debug|Any CPU
		{5AB51D69-675C-497D-B4C8-19B7F146743D}.Debug|Any CPU.Build.0 = Debug|Any CPU
		{5AB51D69-675C-497D-B4C8-19B7F146743D}.Release|Any CPU.ActiveCfg = Release|Any CPU
		{5AB51D69-675C-497D-B4C8-19B7F146743D}.Release|Any CPU.Build.0 = Release|Any CPU
		{F9B5F785-AC22-42F5-9460-04A5F1A70153}.Debug|Any CPU.ActiveCfg = Debug|Any CPU
		{F9B5F785-AC22-42F5-9460-04A5F1A70153}.Debug|Any CPU.Build.0 = Debug|Any CPU
		{F9B5F785-AC22-42F5-9460-04A5F1A70153}.Release|Any CPU.ActiveCfg = Release|Any CPU
		{F9B5F785-AC22-42F5-9460-04A5F1A70153}.Release|Any CPU.Build.0 = Release|Any CPU
	EndGlobalSection
	GlobalSection(SolutionProperties) = preSolution
		HideSolutionNode = FALSE
	EndGlobalSection
	GlobalSection(ExtensibilityGlobals) = postSolution
		SolutionGuid = {0F05F3EA-90E2-4591-B03D-2F326B13E0C5}
	EndGlobalSection
EndGlobal
